
Microsoft Visual Studio Solution File, Format Version 12.00
# Visual Studio 15
VisualStudioVersion = 15.0.27004.2009
MinimumVisualStudioVersion = 10.0.40219.1
Project("{FAE04EC0-301F-11D3-BF4B-00C04F79EFBC}") = "MicroServices.Common.General", "Common\MicroServices.Common.General\MicroServices.Common.General.csproj", "{FC24D38F-FB96-43E1-B21E-B6E1BFA1DC11}"
EndProject
Project("{FAE04EC0-301F-11D3-BF4B-00C04F79EFBC}") = "MicroServices.Common", "Common\MicroServices.Common\MicroServices.Common.csproj", "{D3D97918-2C26-4BAE-A0C5-F90B6F1085DD}"
EndProject
Project("{2150E333-8FDC-42A3-9474-1A3956D46DE8}") = "ProductsMicroservices", "ProductsMicroservices", "{7A4D06AA-EA6A-4396-9064-99769363F7F1}"
EndProject
Project("{2150E333-8FDC-42A3-9474-1A3956D46DE8}") = "SalesMicroservices", "SalesMicroservices", "{3F07AA16-72DD-4BCA-9F4A-3FDEBF731B48}"
EndProject
Project("{2150E333-8FDC-42A3-9474-1A3956D46DE8}") = "Common", "Common", "{F4108442-FC95-4BD1-ABE8-CB2FEABD11E2}"
EndProject
Project("{2150E333-8FDC-42A3-9474-1A3956D46DE8}") = "ReadModelService", "ReadModelService", "{D24244B0-22AD-4E36-9696-07776C767176}"
EndProject
Project("{2150E333-8FDC-42A3-9474-1A3956D46DE8}") = "DomainService", "DomainService", "{13B91778-5F61-4660-A803-5E0904F36FE0}"
EndProject
Project("{2150E333-8FDC-42A3-9474-1A3956D46DE8}") = "Common", "Common", "{07A78D34-9A61-4A86-8A66-3C2ACA4C2BB9}"
EndProject
Project("{2150E333-8FDC-42A3-9474-1A3956D46DE8}") = "DomainService", "DomainService", "{682779B6-B21E-4239-A4F1-A813E5FBC06A}"
EndProject
Project("{2150E333-8FDC-42A3-9474-1A3956D46DE8}") = "ReadModelService", "ReadModelService", "{938B459B-2647-4BA5-9869-C767AFACBF5C}"
EndProject
Project("{FAE04EC0-301F-11D3-BF4B-00C04F79EFBC}") = "Products.Common", "Products\Products.Common\Products.Common.csproj", "{5E571774-1D77-4F79-AF04-27A85DAC1340}"
EndProject
Project("{FAE04EC0-301F-11D3-BF4B-00C04F79EFBC}") = "Products.Service", "Products\Products.Service\Products.Service.csproj", "{4EF4FA1A-483A-4F5C-9A98-012BE17B7672}"
EndProject
Project("{FAE04EC0-301F-11D3-BF4B-00C04F79EFBC}") = "Products.Service.UnitTests", "Products\Products.Service.UnitTests\Products.Service.UnitTests.csproj", "{0C3E7514-3CA5-4FF5-BD42-F19EF1A4783D}"
EndProject
Project("{FAE04EC0-301F-11D3-BF4B-00C04F79EFBC}") = "Products.ReadModels.Service", "Products\Products.ReadModels.Service\Products.ReadModels.Service.csproj", "{D91AEECC-CA6A-48A2-90D6-5146D945DEAB}"
EndProject
Project("{FAE04EC0-301F-11D3-BF4B-00C04F79EFBC}") = "Products.ReadModels.Client", "Products\Products.ReadModels.Client\Products.ReadModels.Client.csproj", "{C46D3E71-E08D-4F45-B54B-03E3759028E3}"
EndProject
Project("{FAE04EC0-301F-11D3-BF4B-00C04F79EFBC}") = "Sales.Common", "Sales\Sales.Common\Sales.Common.csproj", "{D3478255-CB14-4F5D-AC78-2E48B5EC2439}"
EndProject
Project("{FAE04EC0-301F-11D3-BF4B-00C04F79EFBC}") = "Sales.Service", "Sales\Sales.Service\Sales.Service.csproj", "{2D8DF944-BAC5-4CE1-807A-6FFCE3C51284}"
EndProject
Project("{FAE04EC0-301F-11D3-BF4B-00C04F79EFBC}") = "Sales.Service.Tests", "Sales\Sales.Service.Tests\Sales.Service.Tests.csproj", "{FDED84A3-EC77-42E1-BDAA-E5A2A56E800F}"
EndProject
Project("{FAE04EC0-301F-11D3-BF4B-00C04F79EFBC}") = "Sales.ReadModels.Service", "Sales\Sales.ReadModels.Service\Sales.ReadModels.Service.csproj", "{B1ECFB12-A337-49FF-AD09-304B5292A548}"
EndProject
Global
	GlobalSection(SolutionConfigurationPlatforms) = preSolution
		Debug|Any CPU = Debug|Any CPU
		Release|Any CPU = Release|Any CPU
	EndGlobalSection
	GlobalSection(ProjectConfigurationPlatforms) = postSolution
		{FC24D38F-FB96-43E1-B21E-B6E1BFA1DC11}.Debug|Any CPU.ActiveCfg = Debug|Any CPU
		{FC24D38F-FB96-43E1-B21E-B6E1BFA1DC11}.Debug|Any CPU.Build.0 = Debug|Any CPU
		{FC24D38F-FB96-43E1-B21E-B6E1BFA1DC11}.Release|Any CPU.ActiveCfg = Release|Any CPU
		{FC24D38F-FB96-43E1-B21E-B6E1BFA1DC11}.Release|Any CPU.Build.0 = Release|Any CPU
		{D3D97918-2C26-4BAE-A0C5-F90B6F1085DD}.Debug|Any CPU.ActiveCfg = Debug|Any CPU
		{D3D97918-2C26-4BAE-A0C5-F90B6F1085DD}.Debug|Any CPU.Build.0 = Debug|Any CPU
		{D3D97918-2C26-4BAE-A0C5-F90B6F1085DD}.Release|Any CPU.ActiveCfg = Release|Any CPU
		{D3D97918-2C26-4BAE-A0C5-F90B6F1085DD}.Release|Any CPU.Build.0 = Release|Any CPU
		{5E571774-1D77-4F79-AF04-27A85DAC1340}.Debug|Any CPU.ActiveCfg = Debug|Any CPU
		{5E571774-1D77-4F79-AF04-27A85DAC1340}.Debug|Any CPU.Build.0 = Debug|Any CPU
		{5E571774-1D77-4F79-AF04-27A85DAC1340}.Release|Any CPU.ActiveCfg = Release|Any CPU
		{5E571774-1D77-4F79-AF04-27A85DAC1340}.Release|Any CPU.Build.0 = Release|Any CPU
		{4EF4FA1A-483A-4F5C-9A98-012BE17B7672}.Debug|Any CPU.ActiveCfg = Debug|Any CPU
		{4EF4FA1A-483A-4F5C-9A98-012BE17B7672}.Debug|Any CPU.Build.0 = Debug|Any CPU
		{4EF4FA1A-483A-4F5C-9A98-012BE17B7672}.Release|Any CPU.ActiveCfg = Release|Any CPU
		{4EF4FA1A-483A-4F5C-9A98-012BE17B7672}.Release|Any CPU.Build.0 = Release|Any CPU
		{0C3E7514-3CA5-4FF5-BD42-F19EF1A4783D}.Debug|Any CPU.ActiveCfg = Debug|Any CPU
		{0C3E7514-3CA5-4FF5-BD42-F19EF1A4783D}.Debug|Any CPU.Build.0 = Debug|Any CPU
		{0C3E7514-3CA5-4FF5-BD42-F19EF1A4783D}.Release|Any CPU.ActiveCfg = Release|Any CPU
		{0C3E7514-3CA5-4FF5-BD42-F19EF1A4783D}.Release|Any CPU.Build.0 = Release|Any CPU
		{D91AEECC-CA6A-48A2-90D6-5146D945DEAB}.Debug|Any CPU.ActiveCfg = Debug|Any CPU
		{D91AEECC-CA6A-48A2-90D6-5146D945DEAB}.Debug|Any CPU.Build.0 = Debug|Any CPU
		{D91AEECC-CA6A-48A2-90D6-5146D945DEAB}.Release|Any CPU.ActiveCfg = Release|Any CPU
		{D91AEECC-CA6A-48A2-90D6-5146D945DEAB}.Release|Any CPU.Build.0 = Release|Any CPU
		{C46D3E71-E08D-4F45-B54B-03E3759028E3}.Debug|Any CPU.ActiveCfg = Debug|Any CPU
		{C46D3E71-E08D-4F45-B54B-03E3759028E3}.Debug|Any CPU.Build.0 = Debug|Any CPU
		{C46D3E71-E08D-4F45-B54B-03E3759028E3}.Release|Any CPU.ActiveCfg = Release|Any CPU
		{C46D3E71-E08D-4F45-B54B-03E3759028E3}.Release|Any CPU.Build.0 = Release|Any CPU
		{D3478255-CB14-4F5D-AC78-2E48B5EC2439}.Debug|Any CPU.ActiveCfg = Debug|Any CPU
		{D3478255-CB14-4F5D-AC78-2E48B5EC2439}.Debug|Any CPU.Build.0 = Debug|Any CPU
		{D3478255-CB14-4F5D-AC78-2E48B5EC2439}.Release|Any CPU.ActiveCfg = Release|Any CPU
		{D3478255-CB14-4F5D-AC78-2E48B5EC2439}.Release|Any CPU.Build.0 = Release|Any CPU
		{2D8DF944-BAC5-4CE1-807A-6FFCE3C51284}.Debug|Any CPU.ActiveCfg = Debug|Any CPU
		{2D8DF944-BAC5-4CE1-807A-6FFCE3C51284}.Debug|Any CPU.Build.0 = Debug|Any CPU
		{2D8DF944-BAC5-4CE1-807A-6FFCE3C51284}.Release|Any CPU.ActiveCfg = Release|Any CPU
		{2D8DF944-BAC5-4CE1-807A-6FFCE3C51284}.Release|Any CPU.Build.0 = Release|Any CPU
		{FDED84A3-EC77-42E1-BDAA-E5A2A56E800F}.Debug|Any CPU.ActiveCfg = Debug|Any CPU
		{FDED84A3-EC77-42E1-BDAA-E5A2A56E800F}.Debug|Any CPU.Build.0 = Debug|Any CPU
		{FDED84A3-EC77-42E1-BDAA-E5A2A56E800F}.Release|Any CPU.ActiveCfg = Release|Any CPU
		{FDED84A3-EC77-42E1-BDAA-E5A2A56E800F}.Release|Any CPU.Build.0 = Release|Any CPU
		{B1ECFB12-A337-49FF-AD09-304B5292A548}.Debug|Any CPU.ActiveCfg = Debug|Any CPU
		{B1ECFB12-A337-49FF-AD09-304B5292A548}.Debug|Any CPU.Build.0 = Debug|Any CPU
		{B1ECFB12-A337-49FF-AD09-304B5292A548}.Release|Any CPU.ActiveCfg = Release|Any CPU
		{B1ECFB12-A337-49FF-AD09-304B5292A548}.Release|Any CPU.Build.0 = Release|Any CPU
	EndGlobalSection
	GlobalSection(SolutionProperties) = preSolution
		HideSolutionNode = FALSE
	EndGlobalSection
	GlobalSection(NestedProjects) = preSolution
		{F4108442-FC95-4BD1-ABE8-CB2FEABD11E2} = {7A4D06AA-EA6A-4396-9064-99769363F7F1}
		{D24244B0-22AD-4E36-9696-07776C767176} = {7A4D06AA-EA6A-4396-9064-99769363F7F1}
		{13B91778-5F61-4660-A803-5E0904F36FE0} = {7A4D06AA-EA6A-4396-9064-99769363F7F1}
		{07A78D34-9A61-4A86-8A66-3C2ACA4C2BB9} = {3F07AA16-72DD-4BCA-9F4A-3FDEBF731B48}
		{682779B6-B21E-4239-A4F1-A813E5FBC06A} = {3F07AA16-72DD-4BCA-9F4A-3FDEBF731B48}
		{938B459B-2647-4BA5-9869-C767AFACBF5C} = {3F07AA16-72DD-4BCA-9F4A-3FDEBF731B48}
		{5E571774-1D77-4F79-AF04-27A85DAC1340} = {F4108442-FC95-4BD1-ABE8-CB2FEABD11E2}
		{4EF4FA1A-483A-4F5C-9A98-012BE17B7672} = {13B91778-5F61-4660-A803-5E0904F36FE0}
		{0C3E7514-3CA5-4FF5-BD42-F19EF1A4783D} = {13B91778-5F61-4660-A803-5E0904F36FE0}
		{D91AEECC-CA6A-48A2-90D6-5146D945DEAB} = {D24244B0-22AD-4E36-9696-07776C767176}
		{C46D3E71-E08D-4F45-B54B-03E3759028E3} = {D24244B0-22AD-4E36-9696-07776C767176}
		{D3478255-CB14-4F5D-AC78-2E48B5EC2439} = {07A78D34-9A61-4A86-8A66-3C2ACA4C2BB9}
		{2D8DF944-BAC5-4CE1-807A-6FFCE3C51284} = {682779B6-B21E-4239-A4F1-A813E5FBC06A}
		{FDED84A3-EC77-42E1-BDAA-E5A2A56E800F} = {682779B6-B21E-4239-A4F1-A813E5FBC06A}
		{B1ECFB12-A337-49FF-AD09-304B5292A548} = {938B459B-2647-4BA5-9869-C767AFACBF5C}
	EndGlobalSection
	GlobalSection(ExtensibilityGlobals) = postSolution
		SolutionGuid = {821DEB2E-922C-4FC9-9BF2-D45E9FEA13AB}
	EndGlobalSection
EndGlobal
